{
  "name": "nextgen-travel",
  "version": "1.0.0",
  "lockfileVersion": 3,
  "requires": true,
  "packages": {
    "": {
      "name": "nextgen-travel",
      "version": "1.0.0",
      "dependencies": {
        "dotenv": "^17.4.2",
        "stripe": "^22.3.2"
      }
    },
    "node_modules/dotenv": {
      "version": "17.4.2",
      "resolved": "https://registry.npmjs.org/dotenv/-/dotenv-17.4.2.tgz",
      "integrity": "sha512-nI4U3TottKAcAD9LLud4Cb7b2QztQMUEfHbvhTH09bqXTxnSie8WnjPALV/WMCrJZ6UV/qHJ6L03OqO3LcdYZw==",
      "license": "BSD-2-Clause",
      "engines": {
        "node": ">=12"
      },
      "funding": {
        "url": "https://dotenvx.com"
      }
    },
    "node_modules/stripe": {
      "version": "22.3.2",
      "resolved": "https://registry.npmjs.org/stripe/-/stripe-22.3.2.tgz",
      "integrity": "sha512-O13QOvgEIQvDlTy6Ubb5kB980wpbhmoZNsgCXKILjCMZS67f+bW+6w99k3gnSi/N1lkryoj1WYdpGT5Wc5edjg==",
      "license": "MIT",
      "engines": {
        "node": ">=18"
      },
      "peerDependencies": {
        "@types/node": ">=18"
      },
      "peerDependenciesMeta": {
        "@types/node": {
          "optional": true
        }
      }
    }
  }
}
